// !$*UTF8*$!
{
	archiveVersion = 1;
	classes = {
	};
	objectVersion = 56;
	objects = {

/* Begin PBXBuildFile section */
		2FA900222AC3B1EE00EB8FED /* ExampleUse.swift in Sources */ = {isa = PBXBuildFile; fileRef = 2FA9001E2AC3B1EE00EB8FED /* ExampleUse.swift */; };
		2FA900232AC3B1EE00EB8FED /* ExampleJoystick.swift in Sources */ = {isa = PBXBuildFile; fileRef = 2FA9001F2AC3B1EE00EB8FED /* ExampleJoystick.swift */; };
		2FA900242AC3B1EE00EB8FED /* TestingView.swift in Sources */ = {isa = PBXBuildFile; fileRef = 2FA900202AC3B1EE00EB8FED /* TestingView.swift */; };
		2FA900252AC3B1EE00EB8FED /* SwiftUIJoystickApp.swift in Sources */ = {isa = PBXBuildFile; fileRef = 2FA900212AC3B1EE00EB8FED /* SwiftUIJoystickApp.swift */; };
		2FA900292AC3B20300EB8FED /* Assets.xcassets in Resources */ = {isa = PBXBuildFile; fileRef = 2FA900262AC3B20300EB8FED /* Assets.xcassets */; };
		2FA9002A2AC3B20300EB8FED /* Preview Assets.xcassets in Resources */ = {isa = PBXBuildFile; fileRef = 2FA900282AC3B20300EB8FED /* Preview Assets.xcassets */; };
		2FA9002F2AC3B39700EB8FED /* SwiftUIJoystick in Frameworks */ = {isa = PBXBuildFile; productRef = 2FA9002E2AC3B39700EB8FED /* SwiftUIJoystick */; };
/* End PBXBuildFile section */

/* Begin PBXFileReference section */
		2F9D7E8A2AC3B0F70030B623 /* SwiftUIJoystickApp.app */ = {isa = PBXFileReference; explicitFileType = wrapper.application; includeInIndex = 0; path = SwiftUIJoystickApp.app; sourceTree = BUILT_PRODUCTS_DIR; };
		2FA9001E2AC3B1EE00EB8FED /* ExampleUse.swift */ = {isa = PBXFileReference; fileEncoding = 4; lastKnownFileType = sourcecode.swift; path = ExampleUse.swift; sourceTree = "<group>"; };
		2FA9001F2AC3B1EE00EB8FED /* ExampleJoystick.swift */ = {isa = PBXFileReference; fileEncoding = 4; lastKnownFileType = sourcecode.swift; path = ExampleJoystick.swift; sourceTree = "<group>"; };
		2FA900202AC3B1EE00EB8FED /* TestingView.swift */ = {isa = PBXFileReference; fileEncoding = 4; lastKnownFileType = sourcecode.swift; path = TestingView.swift; sourceTree = "<group>"; };
		2FA900212AC3B1EE00EB8FED /* SwiftUIJoystickApp.swift */ = {isa = PBXFileReference; fileEncoding = 4; lastKnownFileType = sourcecode.swift; path = SwiftUIJoystickApp.swift; sourceTree = "<group>"; };
		2FA900262AC3B20300EB8FED /* Assets.xcassets */ = {isa = PBXFileReference; lastKnownFileType = folder.assetcatalog; path = Assets.xcassets; sourceTree = "<group>"; };
		2FA900282AC3B20300EB8FED /* Preview Assets.xcassets */ = {isa = PBXFileReference; lastKnownFileType = folder.assetcatalog; path = "Preview Assets.xcassets"; sourceTree = "<group>"; };
		2FA9002C2AC3B2BA00EB8FED /* SwiftUIJoystick */ = {isa = PBXFileReference; lastKnownFileType = wrapper; name = SwiftUIJoystick; path = ..; sourceTree = "<group>"; };
/* End PBXFileReference section */

/* Begin PBXFrameworksBuildPhase section */
		2F9D7E872AC3B0F70030B623 /* Frameworks */ = {
			isa = PBXFrameworksBuildPhase;
			buildActionMask = 2147483647;
			files = (
				2FA9002F2AC3B39700EB8FED /* SwiftUIJoystick in Frameworks */,
			);
			runOnlyForDeploymentPostprocessing = 0;
		};
/* End PBXFrameworksBuildPhase section */

/* Begin PBXGroup section */
		2F9D7E812AC3B0F70030B623 = {
			isa = PBXGroup;
			children = (
				2FA9002B2AC3B2BA00EB8FED /* Packages */,
				2FA9001F2AC3B1EE00EB8FED /* ExampleJoystick.swift */,
				2FA9001E2AC3B1EE00EB8FED /* ExampleUse.swift */,
				2FA900212AC3B1EE00EB8FED /* SwiftUIJoystickApp.swift */,
				2FA900262AC3B20300EB8FED /* Assets.xcassets */,
				2FA900272AC3B20300EB8FED /* Preview Content */,
				2FA900202AC3B1EE00EB8FED /* TestingView.swift */,
				2F9D7E8B2AC3B0F70030B623 /* Products */,
				2FA9002D2AC3B39700EB8FED /* Frameworks */,
			);
			sourceTree = "<group>";
		};
		2F9D7E8B2AC3B0F70030B623 /* Products */ = {
			isa = PBXGroup;
			children = (
				2F9D7E8A2AC3B0F70030B623 /* SwiftUIJoystickApp.app */,
			);
			name = Products;
			sourceTree = "<group>";
		};
		2FA900272AC3B20300EB8FED /* Preview Content */ = {
			isa = PBXGroup;
			children = (
				2FA900282AC3B20300EB8FED /* Preview Assets.xcassets */,
			);
			path = "Preview Content";
			sourceTree = "<group>";
		};
		2FA9002B2AC3B2BA00EB8FED /* Packages */ = {
			isa = PBXGroup;
			children = (
				2FA9002C2AC3B2BA00EB8FED /* SwiftUIJoystick */,
			);
			name = Packages;
			sourceTree = "<group>";
		};
		2FA9002D2AC3B39700EB8FED /* Frameworks */ = {
			isa = PBXGroup;
			children = (
			);
			name = Frameworks;
			sourceTree = "<group>";
		};
/* End PBXGroup section */

/* Begin PBXNativeTarget section */
		2F9D7E892AC3B0F70030B623 /* SwiftUIJoystickApp */ = {
			isa = PBXNativeTarget;
			buildConfigurationList = 2F9D7E982AC3B0F80030B623 /* Build configuration list for PBXNativeTarget "SwiftUIJoystickApp" */;
			buildPhases = (
				2F9D7E862AC3B0F70030B623 /* Sources */,
				2F9D7E872AC3B0F70030B623 /* Frameworks */,
				2F9D7E882AC3B0F70030B623 /* Resources */,
			);
			buildRules = (
			);
			dependencies = (
			);
			name = SwiftUIJoystickApp;
			packageProductDependencies = (
				2FA9002E2AC3B39700EB8FED /* SwiftUIJoystick */,
			);
			productName = SwiftUIJoystickApp;
			productReference = 2F9D7E8A2AC3B0F70030B623 /* SwiftUIJoystickApp.app */;
			productType = "com.apple.product-type.application";
		};
/* End PBXNativeTarget section */

/* Begin PBXProject section */
		2F9D7E822AC3B0F70030B623 /* Project object */ = {
			isa = PBXProject;
			attributes = {
				BuildIndependentTargetsInParallel = 1;
				LastSwiftUpdateCheck = 1430;
				LastUpgradeCheck = 1430;
				TargetAttributes = {
					2F9D7E892AC3B0F70030B623 = {
						CreatedOnToolsVersion = 14.3;
					};
				};
			};
			buildConfigurationList = 2F9D7E852AC3B0F70030B623 /* Build configuration list for PBXProject "SwiftUIJoystickApp" */;
			compatibilityVersion = "Xcode 14.0";
			developmentRegion = en;
			hasScannedForEncodings = 0;
			knownRegions = (
				en,
				Base,
			);
			mainGroup = 2F9D7E812AC3B0F70030B623;
			productRefGroup = 2F9D7E8B2AC3B0F70030B623 /* Products */;
			projectDirPath = "";
			projectRoot = "";
			targets = (
				2F9D7E892AC3B0F70030B623 /* SwiftUIJoystickApp */,
			);
		};
/* End PBXProject section */

/* Begin PBXResourcesBuildPhase section */
		2F9D7E882AC3B0F70030B623 /* Resources */ = {
			isa = PBXResourcesBuildPhase;
			buildActionMask = 2147483647;
			files = (
				2FA9002A2AC3B20300EB8FED /* Preview Assets.xcassets in Resources */,
				2FA900292AC3B20300EB8FED /* Assets.xcassets in Resources */,
			);
			runOnlyForDeploymentPostprocessing = 0;
		};
/* End PBXResourcesBuildPhase section */

/* Begin PBXSourcesBuildPhase section */
		2F9D7E862AC3B0F70030B623 /* Sources */ = {
			isa = PBXSourcesBuildPhase;
			buildActionMask = 2147483647;
			files = (
				2FA900222AC3B1EE00EB8FED /* ExampleUse.swift in Sources */,
				2FA900232AC3B1EE00EB8FED /* ExampleJoystick.swift in Sources */,
				2FA900252AC3B1EE00EB8FED /* SwiftUIJoystickApp.swift in Sources */,
				2FA900242AC3B1EE00EB8FED /* TestingView.swift in Sources */,
			);
			runOnlyForDeploymentPostprocessing = 0;
		};
/* End PBXSourcesBuildPhase section */

/* Begin XCBuildConfiguration section */
		2F9D7E962AC3B0F80030B623 /* Debug */ = {
			isa = XCBuildConfiguration;
			buildSettings = {
				ALWAYS_SEARCH_USER_PATHS = NO;
				CLANG_ANALYZER_NONNULL = YES;
				CLANG_ANALYZER_NUMBER_OBJECT_CONVERSION = YES_AGGRESSIVE;
				CLANG_CXX_LANGUAGE_STANDARD = "gnu++20";
				CLANG_ENABLE_MODULES = YES;
				CLANG_ENABLE_OBJC_ARC = YES;
				CLANG_ENABLE_OBJC_WEAK = YES;
				CLANG_WARN_BLOCK_CAPTURE_AUTORELEASING = YES;
				CLANG_WARN_BOOL_CONVERSION = YES;
				CLANG_WARN_COMMA = YES;
				CLANG_WARN_CONSTANT_CONVERSION = YES;
				CLANG_WARN_DEPRECATED_OBJC_IMPLEMENTATIONS = YES;
				CLANG_WARN_DIRECT_OBJC_ISA_USAGE = YES_ERROR;
				CLANG_WARN_DOCUMENTATION_COMMENTS = YES;
				CLANG_WARN_EMPTY_BODY = YES;
				CLANG_WARN_ENUM_CONVERSION = YES;
				CLANG_WARN_INFINITE_RECURSION = YES;
				CLANG_WARN_INT_CONVERSION = YES;
				CLANG_WARN_NON_LITERAL_NULL_CONVERSION = YES;
				CLANG_WARN_OBJC_IMPLICIT_RETAIN_SELF = YES;
				CLANG_WARN_OBJC_LITERAL_CONVERSION = YES;
				CLANG_WARN_OBJC_ROOT_CLASS = YES_ERROR;
				CLANG_WARN_QUOTED_INCLUDE_IN_FRAMEWORK_HEADER = YES;
				CLANG_WARN_RANGE_LOOP_ANALYSIS = YES;
				CLANG_WARN_STRICT_PROTOTYPES = YES;
				CLANG_WARN_SUSPICIOUS_MOVE = YES;
				CLANG_WARN_UNGUARDED_AVAILABILITY = YES_AGGRESSIVE;
				CLANG_WARN_UNREACHABLE_CODE = YES;
				CLANG_WARN__DUPLICATE_METHOD_MATCH = YES;
				COPY_PHASE_STRIP = NO;
				DEBUG_INFORMATION_FORMAT = dwarf;
				ENABLE_STRICT_OBJC_MSGSEND = YES;
				ENABLE_TESTABILITY = YES;
				GCC_C_LANGUAGE_STANDARD = gnu11;
				GCC_DYNAMIC_NO_PIC = NO;
				GCC_NO_COMMON_BLOCKS = YES;
				GCC_OPTIMIZATION_LEVEL = 0;
				GCC_PREPROCESSOR_DEFINITIONS = (
					"DEBUG=1",
					"$(inherited)",
				);
				GCC_WARN_64_TO_32_BIT_CONVERSION = YES;
				GCC_WARN_ABOUT_RETURN_TYPE = YES_ERROR;
				GCC_WARN_UNDECLARED_SELECTOR = YES;
				GCC_WARN_UNINITIALIZED_AUTOS = YES_AGGRESSIVE;
				GCC_WARN_UNUSED_FUNCTION = YES;
				GCC_WARN_UNUSED_VARIABLE = YES;
				IPHONEOS_DEPLOYMENT_TARGET = 16.4;
				MTL_ENABLE_DEBUG_INFO = INCLUDE_SOURCE;
				MTL_FAST_MATH = YES;
				ONLY_ACTIVE_ARCH = YES;
				SDKROOT = iphoneos;
				SWIFT_ACTIVE_COMPILATION_CONDITIONS = DEBUG;
				SWIFT_OPTIMIZATION_LEVEL = "-Onone";
			};
			name = Debug;
		};
		2F9D7E972AC3B0F80030B623 /* Release */ = {
			isa = XCBuildConfiguration;
			buildSettings = {
				ALWAYS_SEARCH_USER_PATHS = NO;
				CLANG_ANALYZER_NONNULL = YES;
				CLANG_ANALYZER_NUMBER_OBJECT_CONVERSION = YES_AGGRESSIVE;
				CLANG_CXX_LANGUAGE_STANDARD = "gnu++20";
				CLANG_ENABLE_MODULES = YES;
				CLANG_ENABLE_OBJC_ARC = YES;
				CLANG_ENABLE_OBJC_WEAK = YES;
				CLANG_WARN_BLOCK_CAPTURE_AUTORELEASING = YES;
				CLANG_WARN_BOOL_CONVERSION = YES;
				CLANG_WARN_COMMA = YES;
				CLANG_WARN_CONSTANT_CONVERSION = YES;
				CLANG_WARN_DEPRECATED_OBJC_IMPLEMENTATIONS = YES;
				CLANG_WARN_DIRECT_OBJC_ISA_USAGE = YES_ERROR;
				CLANG_WARN_DOCUMENTATION_COMMENTS = YES;
				CLANG_WARN_EMPTY_BODY = YES;
				CLANG_WARN_ENUM_CONVERSION = YES;
				CLANG_WARN_INFINITE_RECURSION = YES;
				CLANG_WARN_INT_CONVERSION = YES;
				CLANG_WARN_NON_LITERAL_NULL_CONVERSION = YES;
				CLANG_WARN_OBJC_IMPLICIT_RETAIN_SELF = YES;
				CLANG_WARN_OBJC_LITERAL_CONVERSION = YES;
				CLANG_WARN_OBJC_ROOT_CLASS = YES_ERROR;
				CLANG_WARN_QUOTED_INCLUDE_IN_FRAMEWORK_HEADER = YES;
				CLANG_WARN_RANGE_LOOP_ANALYSIS = YES;
				CLANG_WARN_STRICT_PROTOTYPES = YES;
				CLANG_WARN_SUSPICIOUS_MOVE = YES;
				CLANG_WARN_UNGUARDED_AVAILABILITY = YES_AGGRESSIVE;
				CLANG_WARN_UNREACHABLE_CODE = YES;
				CLANG_WARN__DUPLICATE_METHOD_MATCH = YES;
				COPY_PHASE_STRIP = NO;
				DEBUG_INFORMATION_FORMAT = "dwarf-with-dsym";
				ENABLE_NS_ASSERTIONS = NO;
				ENABLE_STRICT_OBJC_MSGSEND = YES;
				GCC_C_LANGUAGE_STANDARD = gnu11;
				GCC_NO_COMMON_BLOCKS = YES;
				GCC_WARN_64_TO_32_BIT_CONVERSION = YES;
				GCC_WARN_ABOUT_RETURN_TYPE = YES_ERROR;
				GCC_WARN_UNDECLARED_SELECTOR = YES;
				GCC_WARN_UNINITIALIZED_AUTOS = YES_AGGRESSIVE;
				GCC_WARN_UNUSED_FUNCTION = YES;
				GCC_WARN_UNUSED_VARIABLE = YES;
				IPHONEOS_DEPLOYMENT_TARGET = 16.4;
				MTL_ENABLE_DEBUG_INFO = NO;
				MTL_FAST_MATH = YES;
				SDKROOT = iphoneos;
				SWIFT_COMPILATION_MODE = wholemodule;
				SWIFT_OPTIMIZATION_LEVEL = "-O";
				VALIDATE_PRODUCT = YES;
			};
			name = Release;
		};
		2F9D7E992AC3B0F80030B623 /* Debug */ = {
			isa = XCBuildConfiguration;
			buildSettings = {
				ASSETCATALOG_COMPILER_APPICON_NAME = AppIcon;
				ASSETCATALOG_COMPILER_GLOBAL_ACCENT_COLOR_NAME = AccentColor;
				CODE_SIGN_STYLE = Automatic;
				CURRENT_PROJECT_VERSION = 1;
				DEVELOPMENT_ASSET_PATHS = "\"Preview Content\"";
				DEVELOPMENT_TEAM = KLQC884752;
				ENABLE_PREVIEWS = YES;
				GENERATE_INFOPLIST_FILE = YES;
				INFOPLIST_KEY_UIApplicationSceneManifest_Generation = YES;
				INFOPLIST_KEY_UIApplicationSupportsIndirectInputEvents = YES;
				INFOPLIST_KEY_UILaunchScreen_Generation = YES;
				INFOPLIST_KEY_UISupportedInterfaceOrientations_iPad = "UIInterfaceOrientationPortrait UIInterfaceOrientationPortraitUpsideDown UIInterfaceOrientationLandscapeLeft UIInterfaceOrientationLandscapeRight";
				INFOPLIST_KEY_UISupportedInterfaceOrientations_iPhone = "UIInterfaceOrientationPortrait UIInterfaceOrientationLandscapeLeft UIInterfaceOrientationLandscapeRight";
				LD_RUNPATH_SEARCH_PATHS = (
					"$(inherited)",
					"@executable_path/Frameworks",
				);
				MARKETING_VERSION = 1.0;
				PRODUCT_BUNDLE_IDENTIFIER = com.michaelrobertellis.SwiftUIJoystickApp;
				PRODUCT_NAME = "$(TARGET_NAME)";
				SWIFT_EMIT_LOC_STRINGS = YES;
				SWIFT_VERSION = 5.0;
				TARGETED_DEVICE_FAMILY = "1,2";
			};
			name = Debug;
		};
		2F9D7E9A2AC3B0F80030B623 /* Release */ = {
			isa = XCBuildConfiguration;
			buildSettings = {
				ASSETCATALOG_COMPILER_APPICON_NAME = AppIcon;
				ASSETCATALOG_COMPILER_GLOBAL_ACCENT_COLOR_NAME = AccentColor;
				CODE_SIGN_STYLE = Automatic;
				CURRENT_PROJECT_VERSION = 1;
				DEVELOPMENT_ASSET_PATHS = "\"Preview Content\"";
				DEVELOPMENT_TEAM = KLQC884752;
				ENABLE_PREVIEWS = YES;
				GENERATE_INFOPLIST_FILE = YES;
				INFOPLIST_KEY_UIApplicationSceneManifest_Generation = YES;
				INFOPLIST_KEY_UIApplicationSupportsIndirectInputEvents = YES;
				INFOPLIST_KEY_UILaunchScreen_Generation = YES;
				INFOPLIST_KEY_UISupportedInterfaceOrientations_iPad = "UIInterfaceOrientationPortrait UIInterfaceOrientationPortraitUpsideDown UIInterfaceOrientationLandscapeLeft UIInterfaceOrientationLandscapeRight";
				INFOPLIST_KEY_UISupportedInterfaceOrientations_iPhone = "UIInterfaceOrientationPortrait UIInterfaceOrientationLandscapeLeft UIInterfaceOrientationLandscapeRight";
				LD_RUNPATH_SEARCH_PATHS = (
					"$(inherited)",
					"@executable_path/Frameworks",
				);
				MARKETING_VERSION = 1.0;
				PRODUCT_BUNDLE_IDENTIFIER = com.michaelrobertellis.SwiftUIJoystickApp;
				PRODUCT_NAME = "$(TARGET_NAME)";
				SWIFT_EMIT_LOC_STRINGS = YES;
				SWIFT_VERSION = 5.0;
				TARGETED_DEVICE_FAMILY = "1,2";
			};
			name = Release;
		};
/* End XCBuildConfiguration section */

/* Begin XCConfigurationList section */
		2F9D7E852AC3B0F70030B623 /* Build configuration list for PBXProject "SwiftUIJoystickApp" */ = {
			isa = XCConfigurationList;
			buildConfigurations = (
				2F9D7E962AC3B0F80030B623 /* Debug */,
				2F9D7E972AC3B0F80030B623 /* Release */,
			);
			defaultConfigurationIsVisible = 0;
			defaultConfigurationName = Release;
		};
		2F9D7E982AC3B0F80030B623 /* Build configuration list for PBXNativeTarget "SwiftUIJoystickApp" */ = {
			isa = XCConfigurationList;
			buildConfigurations = (
				2F9D7E992AC3B0F80030B623 /* Debug */,
				2F9D7E9A2AC3B0F80030B623 /* Release */,
			);
			defaultConfigurationIsVisible = 0;
			defaultConfigurationName = Release;
		};
/* End XCConfigurationList section */

/* Begin XCSwiftPackageProductDependency section */
		2FA9002E2AC3B39700EB8FED /* SwiftUIJoystick */ = {
			isa = XCSwiftPackageProductDependency;
			productName = SwiftUIJoystick;
		};
/* End XCSwiftPackageProductDependency section */
	};
	rootObject = 2F9D7E822AC3B0F70030B623 /* Project object */;
}
