{
  "object": {
    "pins": [
      {
        "package": "SwiftUIJoystick",
        "repositoryURL": "https://github.com/michael94ellis/SwiftUIJoystick",
        "state": {
          "branch": "main",
          "revision": "607641ddfcb23072b4ba4a8633c7f6cc94815188",
          "version": null
        }
      }
    ]
  },
  "version": 1
}
