{
  "object": {
    "pins": [
      {
        "package": "SwiftUIJoystick",
        "repositoryURL": "https://github.com/michael94ellis/SwiftUIJoystick",
        "state": {
          "branch": "main",
          "revision": "8e7ae94a39c5b17fe374ecd0ab28b98b03c7cb16",
          "version": null
        }
      }
    ]
  },
  "version": 1
}
