{
  "object": {
    "pins": [
      {
        "package": "SwiftUIJoystick",
        "repositoryURL": "https://github.com/michael94ellis/SwiftUIJoystick",
        "state": {
          "branch": "main",
          "revision": "983b9acf70df7f29a42c85dd5608048ab85944c0",
          "version": null
        }
      }
    ]
  },
  "version": 1
}
